# THIS IS AN AUTOGENERATED FILE. DO NOT EDIT THIS FILE DIRECTLY.
# yarn lockfile v1


"@vant/weapp@^1.7.0":
  "integrity" "sha512-HYv4yi7aif40aNxNDOKSCwIBtaAiZfDKWleIJTUx1Yd3lD81JGO6+HdUj/O4yFjp403KuoKnrgrprDeJ9YdVdA=="
  "resolved" "https://registry.npmjs.org/@vant/weapp/-/weapp-1.7.0.tgz"
  "version" "1.7.0"
